
Microsoft Visual Studio Solution File, Format Version 12.00
# Visual Studio Version 16
VisualStudioVersion = 16.0.31515.178
MinimumVisualStudioVersion = 10.0.40219.1
Project("{9A19103F-16F7-4668-BE54-9A1E7A4F7556}") = "BFS", "BFS\BFS.csproj", "{344C67BA-048D-4924-94B4-641263D23535}"
EndProject
Project("{9A19103F-16F7-4668-BE54-9A1E7A4F7556}") = "DisconnectedGraphBfs", "DisconnectedGraphBfs\DisconnectedGraphBfs.csproj", "{A80F24DE-D576-4A5F-B249-E2F5A0009336}"
EndProject
Project("{9A19103F-16F7-4668-BE54-9A1E7A4F7556}") = "HasCycle", "HasCycle\HasCycle.csproj", "{E003847A-8B46-487D-84EF-A8609A3C9F7B}"
EndProject
Project("{9A19103F-16F7-4668-BE54-9A1E7A4F7556}") = "Union)Find_hascycle", "Union)Find_hascycle\Union)Find_hascycle.csproj", "{FAC9585D-2BFB-4342-B270-7726689084E1}"
EndProject
Project("{9A19103F-16F7-4668-BE54-9A1E7A4F7556}") = "union-by-rank", "union-by-rank\union-by-rank.csproj", "{E59BB43D-184E-43E4-A43A-566D0BAC4005}"
EndProject
Project("{9A19103F-16F7-4668-BE54-9A1E7A4F7556}") = "Kruskal's_Algorithm", "Kruskal's_Algorithm\Kruskal's_Algorithm.csproj", "{6CF51E23-8764-448C-B987-A9AC60E1EB21}"
EndProject
Project("{9A19103F-16F7-4668-BE54-9A1E7A4F7556}") = "Prim's", "Prim's\Prim's.csproj", "{AE5B766B-DD49-4965-BCFD-A33CBD9D8E8E}"
EndProject
Project("{9A19103F-16F7-4668-BE54-9A1E7A4F7556}") = "DFS", "DFS\DFS.csproj", "{B6AB1F9D-79CD-44CA-90F4-03DD8585862A}"
EndProject
Project("{9A19103F-16F7-4668-BE54-9A1E7A4F7556}") = "undirected_graph_is_connected_or_not", "undirected_graph_is_connected_or_not\undirected_graph_is_connected_or_not.csproj", "{F156D264-72C5-4999-AA76-36CDFC1EDE06}"
EndProject
Project("{9A19103F-16F7-4668-BE54-9A1E7A4F7556}") = "Dijkstra's", "Dijkstra's\Dijkstra's.csproj", "{ECAA68CB-6A15-41B1-844E-D073368912C5}"
EndProject
Project("{9A19103F-16F7-4668-BE54-9A1E7A4F7556}") = "Bellman-Ford", "Bellman-Ford\Bellman-Ford.csproj", "{C6396158-3F9A-4D62-B378-8FF20B5D4E8E}"
EndProject
Project("{9A19103F-16F7-4668-BE54-9A1E7A4F7556}") = "shortest_paths_between_given_source_and_destination_in_an_undirected_graph", "shortest_paths_between_given_source_and_destination_in_an_undirected_graph\shortest_paths_between_given_source_and_destination_in_an_undirected_graph.csproj", "{7705A05D-F5E9-47D7-B12C-6246B665269D}"
EndProject
Project("{9A19103F-16F7-4668-BE54-9A1E7A4F7556}") = "Singl_ Source_Shortest_Path_in_Undirected_Graph", "Singl_ Source_Shortest_Path_in_Undirected_Graph\Singl_ Source_Shortest_Path_in_Undirected_Graph.csproj", "{F05DB960-E9BD-474E-8B75-E10C502F9874}"
EndProject
Project("{FAE04EC0-301F-11D3-BF4B-00C04F79EFBC}") = "Heap", "Heap\Heap.csproj", "{3CEE0596-2B7B-442C-8FC8-527DFCFF1A27}"
EndProject
Global
	GlobalSection(SolutionConfigurationPlatforms) = preSolution
		Debug|Any CPU = Debug|Any CPU
		Release|Any CPU = Release|Any CPU
	EndGlobalSection
	GlobalSection(ProjectConfigurationPlatforms) = postSolution
		{344C67BA-048D-4924-94B4-641263D23535}.Debug|Any CPU.ActiveCfg = Debug|Any CPU
		{344C67BA-048D-4924-94B4-641263D23535}.Debug|Any CPU.Build.0 = Debug|Any CPU
		{344C67BA-048D-4924-94B4-641263D23535}.Release|Any CPU.ActiveCfg = Release|Any CPU
		{344C67BA-048D-4924-94B4-641263D23535}.Release|Any CPU.Build.0 = Release|Any CPU
		{A80F24DE-D576-4A5F-B249-E2F5A0009336}.Debug|Any CPU.ActiveCfg = Debug|Any CPU
		{A80F24DE-D576-4A5F-B249-E2F5A0009336}.Debug|Any CPU.Build.0 = Debug|Any CPU
		{A80F24DE-D576-4A5F-B249-E2F5A0009336}.Release|Any CPU.ActiveCfg = Release|Any CPU
		{A80F24DE-D576-4A5F-B249-E2F5A0009336}.Release|Any CPU.Build.0 = Release|Any CPU
		{E003847A-8B46-487D-84EF-A8609A3C9F7B}.Debug|Any CPU.ActiveCfg = Debug|Any CPU
		{E003847A-8B46-487D-84EF-A8609A3C9F7B}.Debug|Any CPU.Build.0 = Debug|Any CPU
		{E003847A-8B46-487D-84EF-A8609A3C9F7B}.Release|Any CPU.ActiveCfg = Release|Any CPU
		{E003847A-8B46-487D-84EF-A8609A3C9F7B}.Release|Any CPU.Build.0 = Release|Any CPU
		{FAC9585D-2BFB-4342-B270-7726689084E1}.Debug|Any CPU.ActiveCfg = Debug|Any CPU
		{FAC9585D-2BFB-4342-B270-7726689084E1}.Debug|Any CPU.Build.0 = Debug|Any CPU
		{FAC9585D-2BFB-4342-B270-7726689084E1}.Release|Any CPU.ActiveCfg = Release|Any CPU
		{FAC9585D-2BFB-4342-B270-7726689084E1}.Release|Any CPU.Build.0 = Release|Any CPU
		{E59BB43D-184E-43E4-A43A-566D0BAC4005}.Debug|Any CPU.ActiveCfg = Debug|Any CPU
		{E59BB43D-184E-43E4-A43A-566D0BAC4005}.Debug|Any CPU.Build.0 = Debug|Any CPU
		{E59BB43D-184E-43E4-A43A-566D0BAC4005}.Release|Any CPU.ActiveCfg = Release|Any CPU
		{E59BB43D-184E-43E4-A43A-566D0BAC4005}.Release|Any CPU.Build.0 = Release|Any CPU
		{6CF51E23-8764-448C-B987-A9AC60E1EB21}.Debug|Any CPU.ActiveCfg = Debug|Any CPU
		{6CF51E23-8764-448C-B987-A9AC60E1EB21}.Debug|Any CPU.Build.0 = Debug|Any CPU
		{6CF51E23-8764-448C-B987-A9AC60E1EB21}.Release|Any CPU.ActiveCfg = Release|Any CPU
		{6CF51E23-8764-448C-B987-A9AC60E1EB21}.Release|Any CPU.Build.0 = Release|Any CPU
		{AE5B766B-DD49-4965-BCFD-A33CBD9D8E8E}.Debug|Any CPU.ActiveCfg = Debug|Any CPU
		{AE5B766B-DD49-4965-BCFD-A33CBD9D8E8E}.Debug|Any CPU.Build.0 = Debug|Any CPU
		{AE5B766B-DD49-4965-BCFD-A33CBD9D8E8E}.Release|Any CPU.ActiveCfg = Release|Any CPU
		{AE5B766B-DD49-4965-BCFD-A33CBD9D8E8E}.Release|Any CPU.Build.0 = Release|Any CPU
		{B6AB1F9D-79CD-44CA-90F4-03DD8585862A}.Debug|Any CPU.ActiveCfg = Debug|Any CPU
		{B6AB1F9D-79CD-44CA-90F4-03DD8585862A}.Debug|Any CPU.Build.0 = Debug|Any CPU
		{B6AB1F9D-79CD-44CA-90F4-03DD8585862A}.Release|Any CPU.ActiveCfg = Release|Any CPU
		{B6AB1F9D-79CD-44CA-90F4-03DD8585862A}.Release|Any CPU.Build.0 = Release|Any CPU
		{F156D264-72C5-4999-AA76-36CDFC1EDE06}.Debug|Any CPU.ActiveCfg = Debug|Any CPU
		{F156D264-72C5-4999-AA76-36CDFC1EDE06}.Debug|Any CPU.Build.0 = Debug|Any CPU
		{F156D264-72C5-4999-AA76-36CDFC1EDE06}.Release|Any CPU.ActiveCfg = Release|Any CPU
		{F156D264-72C5-4999-AA76-36CDFC1EDE06}.Release|Any CPU.Build.0 = Release|Any CPU
		{ECAA68CB-6A15-41B1-844E-D073368912C5}.Debug|Any CPU.ActiveCfg = Debug|Any CPU
		{ECAA68CB-6A15-41B1-844E-D073368912C5}.Debug|Any CPU.Build.0 = Debug|Any CPU
		{ECAA68CB-6A15-41B1-844E-D073368912C5}.Release|Any CPU.ActiveCfg = Release|Any CPU
		{ECAA68CB-6A15-41B1-844E-D073368912C5}.Release|Any CPU.Build.0 = Release|Any CPU
		{C6396158-3F9A-4D62-B378-8FF20B5D4E8E}.Debug|Any CPU.ActiveCfg = Debug|Any CPU
		{C6396158-3F9A-4D62-B378-8FF20B5D4E8E}.Debug|Any CPU.Build.0 = Debug|Any CPU
		{C6396158-3F9A-4D62-B378-8FF20B5D4E8E}.Release|Any CPU.ActiveCfg = Release|Any CPU
		{C6396158-3F9A-4D62-B378-8FF20B5D4E8E}.Release|Any CPU.Build.0 = Release|Any CPU
		{7705A05D-F5E9-47D7-B12C-6246B665269D}.Debug|Any CPU.ActiveCfg = Debug|Any CPU
		{7705A05D-F5E9-47D7-B12C-6246B665269D}.Debug|Any CPU.Build.0 = Debug|Any CPU
		{7705A05D-F5E9-47D7-B12C-6246B665269D}.Release|Any CPU.ActiveCfg = Release|Any CPU
		{7705A05D-F5E9-47D7-B12C-6246B665269D}.Release|Any CPU.Build.0 = Release|Any CPU
		{F05DB960-E9BD-474E-8B75-E10C502F9874}.Debug|Any CPU.ActiveCfg = Debug|Any CPU
		{F05DB960-E9BD-474E-8B75-E10C502F9874}.Debug|Any CPU.Build.0 = Debug|Any CPU
		{F05DB960-E9BD-474E-8B75-E10C502F9874}.Release|Any CPU.ActiveCfg = Release|Any CPU
		{F05DB960-E9BD-474E-8B75-E10C502F9874}.Release|Any CPU.Build.0 = Release|Any CPU
		{3CEE0596-2B7B-442C-8FC8-527DFCFF1A27}.Debug|Any CPU.ActiveCfg = Debug|Any CPU
		{3CEE0596-2B7B-442C-8FC8-527DFCFF1A27}.Debug|Any CPU.Build.0 = Debug|Any CPU
		{3CEE0596-2B7B-442C-8FC8-527DFCFF1A27}.Release|Any CPU.ActiveCfg = Release|Any CPU
		{3CEE0596-2B7B-442C-8FC8-527DFCFF1A27}.Release|Any CPU.Build.0 = Release|Any CPU
	EndGlobalSection
	GlobalSection(SolutionProperties) = preSolution
		HideSolutionNode = FALSE
	EndGlobalSection
	GlobalSection(ExtensibilityGlobals) = postSolution
		SolutionGuid = {6C593415-C23B-4C63-9F63-B876102456C3}
	EndGlobalSection
EndGlobal
