
Microsoft Visual Studio Solution File, Format Version 12.00
# Visual Studio Version 16
VisualStudioVersion = 16.0.31515.178
MinimumVisualStudioVersion = 10.0.40219.1
Project("{9A19103F-16F7-4668-BE54-9A1E7A4F7556}") = "PraticeLeetCode", "PraticeLeetCode\PraticeLeetCode.csproj", "{CC5AB15B-22C9-436E-9454-F68CC64F26C8}"
EndProject
Project("{9A19103F-16F7-4668-BE54-9A1E7A4F7556}") = "gas-station", "gas-station\gas-station.csproj", "{F6C7A387-46AB-4F9F-A668-57C5FA4230DE}"
EndProject
Project("{9A19103F-16F7-4668-BE54-9A1E7A4F7556}") = "candy", "candy\candy.csproj", "{0AF43B89-CCBA-4CBF-8A91-79C3E67D039E}"
EndProject
Project("{9A19103F-16F7-4668-BE54-9A1E7A4F7556}") = "same-tree", "same-tree\same-tree.csproj", "{8471CA9E-DCB9-44DE-BF61-4B672A7DD18D}"
EndProject
Project("{9A19103F-16F7-4668-BE54-9A1E7A4F7556}") = "binary-tree-preorder-traversal", "binary-tree-preorder-traversal\binary-tree-preorder-traversal.csproj", "{EBA2F1AD-8943-4769-BDDC-D22996D86D6F}"
EndProject
Project("{9A19103F-16F7-4668-BE54-9A1E7A4F7556}") = "maximum-ice-cream-bars", "maximum-ice-cream-bars\maximum-ice-cream-bars.csproj", "{69720608-582A-4993-82EE-CFF0E652886E}"
EndProject
Project("{9A19103F-16F7-4668-BE54-9A1E7A4F7556}") = "max-points-on-a-line", "max-points-on-a-line\max-points-on-a-line.csproj", "{54D01B20-E1BD-4090-B472-5C0571953C81}"
EndProject
Project("{9A19103F-16F7-4668-BE54-9A1E7A4F7556}") = "minimum-time-to-collect-all-apples-in-a-tree", "minimum-time-to-collect-all-apples-in-a-tree\minimum-time-to-collect-all-apples-in-a-tree.csproj", "{0D15E1E7-3733-40EC-9AD6-3EDCB5330AC9}"
EndProject
Project("{9A19103F-16F7-4668-BE54-9A1E7A4F7556}") = "number-of-nodes-in-the-sub-tree-with-the-same-label", "number-of-nodes-in-the-sub-tree-with-the-same-label\number-of-nodes-in-the-sub-tree-with-the-same-label.csproj", "{CD2FEC9F-7880-4576-9156-C3FB0CFE0743}"
EndProject
Project("{9A19103F-16F7-4668-BE54-9A1E7A4F7556}") = "longest-path-with-different-adjacent-characters", "longest-path-with-different-adjacent-characters\longest-path-with-different-adjacent-characters.csproj", "{F7FE6B8F-66E1-485F-A785-955989F4DD6A}"
EndProject
Project("{9A19103F-16F7-4668-BE54-9A1E7A4F7556}") = "lexicographically-smallest-equivalent-string", "lexicographically-smallest-equivalent-string\lexicographically-smallest-equivalent-string.csproj", "{8FEA8F47-E9E8-44A6-929E-1A59B607FEA8}"
EndProject
Project("{9A19103F-16F7-4668-BE54-9A1E7A4F7556}") = "number-of-good-paths", "number-of-good-paths\number-of-good-paths.csproj", "{E3A17EC2-8135-4FC0-BB98-B863EEFA03B4}"
EndProject
Project("{9A19103F-16F7-4668-BE54-9A1E7A4F7556}") = "insert-interval", "insert-interval\insert-interval.csproj", "{2E426B62-FF17-4053-B528-B54B66AF44C6}"
EndProject
Project("{9A19103F-16F7-4668-BE54-9A1E7A4F7556}") = "word-pattern", "word-pattern\word-pattern.csproj", "{3269E4A4-D22E-4F0E-9CBC-48A155BDEF29}"
EndProject
Project("{9A19103F-16F7-4668-BE54-9A1E7A4F7556}") = "detect-capital", "detect-capital\detect-capital.csproj", "{2BB6B203-7072-4012-9EA5-86B6AE7EC7A4}"
EndProject
Project("{9A19103F-16F7-4668-BE54-9A1E7A4F7556}") = "flip-string-to-monotone-increasing", "flip-string-to-monotone-increasing\flip-string-to-monotone-increasing.csproj", "{BCB50ECF-95A1-49C2-9AE0-28DC06B43E49}"
EndProject
Project("{9A19103F-16F7-4668-BE54-9A1E7A4F7556}") = "maximum-sum-circular-subarray", "maximum-sum-circular-subarray\maximum-sum-circular-subarray.csproj", "{16665801-C5E8-4ABB-86F4-A257D443D5A3}"
EndProject
Project("{9A19103F-16F7-4668-BE54-9A1E7A4F7556}") = "greatest-common-divisor-of-strings", "greatest-common-divisor-of-strings\greatest-common-divisor-of-strings.csproj", "{175ABB4F-667E-4568-B330-D9C05CD51EAE}"
EndProject
Project("{9A19103F-16F7-4668-BE54-9A1E7A4F7556}") = "verifying-an-alien-dictionary", "verifying-an-alien-dictionary\verifying-an-alien-dictionary.csproj", "{10A75D19-8647-410E-AEDA-D7DE48E4406C}"
EndProject
Project("{9A19103F-16F7-4668-BE54-9A1E7A4F7556}") = "zigzag-conversion", "zigzag-conversion\zigzag-conversion.csproj", "{94FBDB1F-6ED2-4183-B837-C40875C16464}"
EndProject
Project("{9A19103F-16F7-4668-BE54-9A1E7A4F7556}") = "permutation-in-string", "permutation-in-string\permutation-in-string.csproj", "{4E2B4AFC-FF9C-4079-BAEE-968524A94A9B}"
EndProject
Project("{9A19103F-16F7-4668-BE54-9A1E7A4F7556}") = "find-all-anagrams-in-a-string", "find-all-anagrams-in-a-string\find-all-anagrams-in-a-string.csproj", "{2113ABBB-C704-4771-8BFB-8E7EC3A380F9}"
EndProject
Project("{9A19103F-16F7-4668-BE54-9A1E7A4F7556}") = "shuffle-the-array", "shuffle-the-array\shuffle-the-array.csproj", "{8DA567A8-C5B3-434E-9468-D99465B18E5D}"
EndProject
Project("{9A19103F-16F7-4668-BE54-9A1E7A4F7556}") = "fruit-into-baskets", "fruit-into-baskets\fruit-into-baskets.csproj", "{A1BB7DD2-F184-40BA-BD9F-E51BD539AB7B}"
EndProject
Project("{9A19103F-16F7-4668-BE54-9A1E7A4F7556}") = "jump-game-ii", "jump-game-ii\jump-game-ii.csproj", "{361A19D8-7CAF-41DF-82A5-65F2A42C0B5D}"
EndProject
Project("{9A19103F-16F7-4668-BE54-9A1E7A4F7556}") = "jump-game", "jump-game\jump-game.csproj", "{74B10AA3-14D4-4385-835E-1588BE87D09C}"
EndProject
Project("{9A19103F-16F7-4668-BE54-9A1E7A4F7556}") = "naming-a-company", "naming-a-company\naming-a-company.csproj", "{4A46D411-1FB2-4B55-8117-5406AFF5634C}"
EndProject
Project("{9A19103F-16F7-4668-BE54-9A1E7A4F7556}") = "as-far-from-land-as-possible", "as-far-from-land-as-possible\as-far-from-land-as-possible.csproj", "{9ABE2AF5-5947-44A3-8B45-BDB5F21F12DB}"
EndProject
Project("{9A19103F-16F7-4668-BE54-9A1E7A4F7556}") = "minimum-fuel-cost-to-report-to-the-capital", "minimum-fuel-cost-to-report-to-the-capital\minimum-fuel-cost-to-report-to-the-capital.csproj", "{D35131BE-A5C5-4BBA-8E9B-5406B68DC692}"
EndProject
Project("{9A19103F-16F7-4668-BE54-9A1E7A4F7556}") = "count-odd-numbers-in-an-interval-range", "count-odd-numbers-in-an-interval-range\count-odd-numbers-in-an-interval-range.csproj", "{F15ADE9C-1742-4F8D-ADE7-EDF3081F04BD}"
EndProject
Project("{9A19103F-16F7-4668-BE54-9A1E7A4F7556}") = "longest-continuous-subarray-with-absolute-diff-less-than-or-equal-to-limit", "longest-continuous-subarray-with-absolute-diff-less-than-or-equal-to-limit\longest-continuous-subarray-with-absolute-diff-less-than-or-equal-to-limit.csproj", "{47708387-9DEC-4697-924A-6935F62C8204}"
EndProject
Project("{9A19103F-16F7-4668-BE54-9A1E7A4F7556}") = "add-binary", "add-binary\add-binary.csproj", "{0E3DC681-981D-4223-9159-99F5FEA07959}"
EndProject
Project("{9A19103F-16F7-4668-BE54-9A1E7A4F7556}") = "add-to-array-form-of-integer", "add-to-array-form-of-integer\add-to-array-form-of-integer.csproj", "{7906E249-F759-4DBD-AA7C-345B02C257A8}"
EndProject
Project("{9A19103F-16F7-4668-BE54-9A1E7A4F7556}") = "maximum-depth-of-binary-tree", "maximum-depth-of-binary-tree\maximum-depth-of-binary-tree.csproj", "{44ED8BA1-D9D6-4152-93AD-583C028DC6D1}"
EndProject
Project("{9A19103F-16F7-4668-BE54-9A1E7A4F7556}") = "minimum-distance-between-bst-nodes", "minimum-distance-between-bst-nodes\minimum-distance-between-bst-nodes.csproj", "{37F831DD-BE2D-4652-AC7F-F02767F1154C}"
EndProject
Project("{9A19103F-16F7-4668-BE54-9A1E7A4F7556}") = "powx-n", "powx-n\powx-n.csproj", "{2662A305-DB54-47F7-BB6F-279E02ECB6DA}"
EndProject
Project("{9A19103F-16F7-4668-BE54-9A1E7A4F7556}") = "binary-tree-zigzag-level-order-traversal", "binary-tree-zigzag-level-order-traversal\binary-tree-zigzag-level-order-traversal.csproj", "{065B55EC-570B-430B-B3F7-7219058E73C1}"
EndProject
Project("{9A19103F-16F7-4668-BE54-9A1E7A4F7556}") = "search-insert-position", "search-insert-position\search-insert-position.csproj", "{9986D297-F82E-46BE-849F-97593FBB7442}"
EndProject
Project("{9A19103F-16F7-4668-BE54-9A1E7A4F7556}") = "single-element-in-a-sorted-array", "single-element-in-a-sorted-array\single-element-in-a-sorted-array.csproj", "{AF11FD7E-0462-4626-A5FB-194F1D01EC50}"
EndProject
Project("{9A19103F-16F7-4668-BE54-9A1E7A4F7556}") = "print-all-possible-consecutive-numbers-with-sum-n", "print-all-possible-consecutive-numbers-with-sum-n\print-all-possible-consecutive-numbers-with-sum-n.csproj", "{1134A7B5-2849-4E98-8BB0-824D602B74EC}"
EndProject
Project("{9A19103F-16F7-4668-BE54-9A1E7A4F7556}") = "capacity-to-ship-packages-within-d-days", "capacity-to-ship-packages-within-d-days\capacity-to-ship-packages-within-d-days.csproj", "{5A48A2B8-7F91-476B-82EB-6CEBD2AB0915}"
EndProject
Project("{9A19103F-16F7-4668-BE54-9A1E7A4F7556}") = "convert-binary-number-in-a-linked-list-to-integer", "convert-binary-number-in-a-linked-list-to-integer\convert-binary-number-in-a-linked-list-to-integer.csproj", "{0F90926A-75C0-4CAA-98EF-3D21B66A0AAA}"
EndProject
Project("{9A19103F-16F7-4668-BE54-9A1E7A4F7556}") = "perfect-number", "perfect-number\perfect-number.csproj", "{3EC1DEBC-257B-4326-B467-1BFC25C34DF9}"
EndProject
Project("{9A19103F-16F7-4668-BE54-9A1E7A4F7556}") = "count-primes", "count-primes\count-primes.csproj", "{E8D6DBC5-BB6E-4101-9609-CB7907F7A6E4}"
EndProject
Project("{9A19103F-16F7-4668-BE54-9A1E7A4F7556}") = "most-frequent-subtree-sum", "most-frequent-subtree-sum\most-frequent-subtree-sum.csproj", "{9C97AC90-5DC3-49A9-B846-FFC44C1E1E76}"
EndProject
Project("{9A19103F-16F7-4668-BE54-9A1E7A4F7556}") = "number-of-days-in-a-month", "number-of-days-in-a-month\number-of-days-in-a-month.csproj", "{C4BB92FB-D9C4-4878-B6B9-003361A208D5}"
EndProject
Project("{9A19103F-16F7-4668-BE54-9A1E7A4F7556}") = "ipo", "ipo\ipo.csproj", "{0FD6EE70-8B42-48FA-B5CD-4CC199940ECF}"
EndProject
Project("{9A19103F-16F7-4668-BE54-9A1E7A4F7556}") = "minimize-deviation-in-array", "minimize-deviation-in-array\minimize-deviation-in-array.csproj", "{FC094E07-D885-4349-AAF5-4A54262EFCA1}"
EndProject
Project("{9A19103F-16F7-4668-BE54-9A1E7A4F7556}") = "PriorityQueue", "PriorityQueue\PriorityQueue.csproj", "{A319F299-BBBE-451B-BA14-F32F8427AD3B}"
EndProject
Project("{9A19103F-16F7-4668-BE54-9A1E7A4F7556}") = "best-time-to-buy-and-sell-stock", "best-time-to-buy-and-sell-stock\best-time-to-buy-and-sell-stock.csproj", "{A7D422A3-B787-41BA-9942-AC458A22425A}"
EndProject
Project("{9A19103F-16F7-4668-BE54-9A1E7A4F7556}") = "construct-quad-tree", "construct-quad-tree\construct-quad-tree.csproj", "{B29A0B90-B5FB-4097-8F8B-3167EB3BD5E2}"
EndProject
Project("{9A19103F-16F7-4668-BE54-9A1E7A4F7556}") = "edit-distance", "edit-distance\edit-distance.csproj", "{D1D488F7-89C7-4A34-9613-11B38DB02372}"
EndProject
Project("{FAE04EC0-301F-11D3-BF4B-00C04F79EFBC}") = "find-duplicate-subtrees", "find-duplicate-subtrees\find-duplicate-subtrees.csproj", "{9CD88CE1-E1DD-4732-B6CF-7D02BF85EDC4}"
EndProject
Global
	GlobalSection(SolutionConfigurationPlatforms) = preSolution
		Debug|Any CPU = Debug|Any CPU
		Release|Any CPU = Release|Any CPU
	EndGlobalSection
	GlobalSection(ProjectConfigurationPlatforms) = postSolution
		{CC5AB15B-22C9-436E-9454-F68CC64F26C8}.Debug|Any CPU.ActiveCfg = Debug|Any CPU
		{CC5AB15B-22C9-436E-9454-F68CC64F26C8}.Debug|Any CPU.Build.0 = Debug|Any CPU
		{CC5AB15B-22C9-436E-9454-F68CC64F26C8}.Release|Any CPU.ActiveCfg = Release|Any CPU
		{CC5AB15B-22C9-436E-9454-F68CC64F26C8}.Release|Any CPU.Build.0 = Release|Any CPU
		{F6C7A387-46AB-4F9F-A668-57C5FA4230DE}.Debug|Any CPU.ActiveCfg = Debug|Any CPU
		{F6C7A387-46AB-4F9F-A668-57C5FA4230DE}.Debug|Any CPU.Build.0 = Debug|Any CPU
		{F6C7A387-46AB-4F9F-A668-57C5FA4230DE}.Release|Any CPU.ActiveCfg = Release|Any CPU
		{F6C7A387-46AB-4F9F-A668-57C5FA4230DE}.Release|Any CPU.Build.0 = Release|Any CPU
		{0AF43B89-CCBA-4CBF-8A91-79C3E67D039E}.Debug|Any CPU.ActiveCfg = Debug|Any CPU
		{0AF43B89-CCBA-4CBF-8A91-79C3E67D039E}.Debug|Any CPU.Build.0 = Debug|Any CPU
		{0AF43B89-CCBA-4CBF-8A91-79C3E67D039E}.Release|Any CPU.ActiveCfg = Release|Any CPU
		{0AF43B89-CCBA-4CBF-8A91-79C3E67D039E}.Release|Any CPU.Build.0 = Release|Any CPU
		{8471CA9E-DCB9-44DE-BF61-4B672A7DD18D}.Debug|Any CPU.ActiveCfg = Debug|Any CPU
		{8471CA9E-DCB9-44DE-BF61-4B672A7DD18D}.Debug|Any CPU.Build.0 = Debug|Any CPU
		{8471CA9E-DCB9-44DE-BF61-4B672A7DD18D}.Release|Any CPU.ActiveCfg = Release|Any CPU
		{8471CA9E-DCB9-44DE-BF61-4B672A7DD18D}.Release|Any CPU.Build.0 = Release|Any CPU
		{EBA2F1AD-8943-4769-BDDC-D22996D86D6F}.Debug|Any CPU.ActiveCfg = Debug|Any CPU
		{EBA2F1AD-8943-4769-BDDC-D22996D86D6F}.Debug|Any CPU.Build.0 = Debug|Any CPU
		{EBA2F1AD-8943-4769-BDDC-D22996D86D6F}.Release|Any CPU.ActiveCfg = Release|Any CPU
		{EBA2F1AD-8943-4769-BDDC-D22996D86D6F}.Release|Any CPU.Build.0 = Release|Any CPU
		{69720608-582A-4993-82EE-CFF0E652886E}.Debug|Any CPU.ActiveCfg = Debug|Any CPU
		{69720608-582A-4993-82EE-CFF0E652886E}.Debug|Any CPU.Build.0 = Debug|Any CPU
		{69720608-582A-4993-82EE-CFF0E652886E}.Release|Any CPU.ActiveCfg = Release|Any CPU
		{69720608-582A-4993-82EE-CFF0E652886E}.Release|Any CPU.Build.0 = Release|Any CPU
		{54D01B20-E1BD-4090-B472-5C0571953C81}.Debug|Any CPU.ActiveCfg = Debug|Any CPU
		{54D01B20-E1BD-4090-B472-5C0571953C81}.Debug|Any CPU.Build.0 = Debug|Any CPU
		{54D01B20-E1BD-4090-B472-5C0571953C81}.Release|Any CPU.ActiveCfg = Release|Any CPU
		{54D01B20-E1BD-4090-B472-5C0571953C81}.Release|Any CPU.Build.0 = Release|Any CPU
		{0D15E1E7-3733-40EC-9AD6-3EDCB5330AC9}.Debug|Any CPU.ActiveCfg = Debug|Any CPU
		{0D15E1E7-3733-40EC-9AD6-3EDCB5330AC9}.Debug|Any CPU.Build.0 = Debug|Any CPU
		{0D15E1E7-3733-40EC-9AD6-3EDCB5330AC9}.Release|Any CPU.ActiveCfg = Release|Any CPU
		{0D15E1E7-3733-40EC-9AD6-3EDCB5330AC9}.Release|Any CPU.Build.0 = Release|Any CPU
		{CD2FEC9F-7880-4576-9156-C3FB0CFE0743}.Debug|Any CPU.ActiveCfg = Debug|Any CPU
		{CD2FEC9F-7880-4576-9156-C3FB0CFE0743}.Debug|Any CPU.Build.0 = Debug|Any CPU
		{CD2FEC9F-7880-4576-9156-C3FB0CFE0743}.Release|Any CPU.ActiveCfg = Release|Any CPU
		{CD2FEC9F-7880-4576-9156-C3FB0CFE0743}.Release|Any CPU.Build.0 = Release|Any CPU
		{F7FE6B8F-66E1-485F-A785-955989F4DD6A}.Debug|Any CPU.ActiveCfg = Debug|Any CPU
		{F7FE6B8F-66E1-485F-A785-955989F4DD6A}.Debug|Any CPU.Build.0 = Debug|Any CPU
		{F7FE6B8F-66E1-485F-A785-955989F4DD6A}.Release|Any CPU.ActiveCfg = Release|Any CPU
		{F7FE6B8F-66E1-485F-A785-955989F4DD6A}.Release|Any CPU.Build.0 = Release|Any CPU
		{8FEA8F47-E9E8-44A6-929E-1A59B607FEA8}.Debug|Any CPU.ActiveCfg = Debug|Any CPU
		{8FEA8F47-E9E8-44A6-929E-1A59B607FEA8}.Debug|Any CPU.Build.0 = Debug|Any CPU
		{8FEA8F47-E9E8-44A6-929E-1A59B607FEA8}.Release|Any CPU.ActiveCfg = Release|Any CPU
		{8FEA8F47-E9E8-44A6-929E-1A59B607FEA8}.Release|Any CPU.Build.0 = Release|Any CPU
		{E3A17EC2-8135-4FC0-BB98-B863EEFA03B4}.Debug|Any CPU.ActiveCfg = Debug|Any CPU
		{E3A17EC2-8135-4FC0-BB98-B863EEFA03B4}.Debug|Any CPU.Build.0 = Debug|Any CPU
		{E3A17EC2-8135-4FC0-BB98-B863EEFA03B4}.Release|Any CPU.ActiveCfg = Release|Any CPU
		{E3A17EC2-8135-4FC0-BB98-B863EEFA03B4}.Release|Any CPU.Build.0 = Release|Any CPU
		{2E426B62-FF17-4053-B528-B54B66AF44C6}.Debug|Any CPU.ActiveCfg = Debug|Any CPU
		{2E426B62-FF17-4053-B528-B54B66AF44C6}.Debug|Any CPU.Build.0 = Debug|Any CPU
		{2E426B62-FF17-4053-B528-B54B66AF44C6}.Release|Any CPU.ActiveCfg = Release|Any CPU
		{2E426B62-FF17-4053-B528-B54B66AF44C6}.Release|Any CPU.Build.0 = Release|Any CPU
		{3269E4A4-D22E-4F0E-9CBC-48A155BDEF29}.Debug|Any CPU.ActiveCfg = Debug|Any CPU
		{3269E4A4-D22E-4F0E-9CBC-48A155BDEF29}.Debug|Any CPU.Build.0 = Debug|Any CPU
		{3269E4A4-D22E-4F0E-9CBC-48A155BDEF29}.Release|Any CPU.ActiveCfg = Release|Any CPU
		{3269E4A4-D22E-4F0E-9CBC-48A155BDEF29}.Release|Any CPU.Build.0 = Release|Any CPU
		{2BB6B203-7072-4012-9EA5-86B6AE7EC7A4}.Debug|Any CPU.ActiveCfg = Debug|Any CPU
		{2BB6B203-7072-4012-9EA5-86B6AE7EC7A4}.Debug|Any CPU.Build.0 = Debug|Any CPU
		{2BB6B203-7072-4012-9EA5-86B6AE7EC7A4}.Release|Any CPU.ActiveCfg = Release|Any CPU
		{2BB6B203-7072-4012-9EA5-86B6AE7EC7A4}.Release|Any CPU.Build.0 = Release|Any CPU
		{BCB50ECF-95A1-49C2-9AE0-28DC06B43E49}.Debug|Any CPU.ActiveCfg = Debug|Any CPU
		{BCB50ECF-95A1-49C2-9AE0-28DC06B43E49}.Debug|Any CPU.Build.0 = Debug|Any CPU
		{BCB50ECF-95A1-49C2-9AE0-28DC06B43E49}.Release|Any CPU.ActiveCfg = Release|Any CPU
		{BCB50ECF-95A1-49C2-9AE0-28DC06B43E49}.Release|Any CPU.Build.0 = Release|Any CPU
		{16665801-C5E8-4ABB-86F4-A257D443D5A3}.Debug|Any CPU.ActiveCfg = Debug|Any CPU
		{16665801-C5E8-4ABB-86F4-A257D443D5A3}.Debug|Any CPU.Build.0 = Debug|Any CPU
		{16665801-C5E8-4ABB-86F4-A257D443D5A3}.Release|Any CPU.ActiveCfg = Release|Any CPU
		{16665801-C5E8-4ABB-86F4-A257D443D5A3}.Release|Any CPU.Build.0 = Release|Any CPU
		{175ABB4F-667E-4568-B330-D9C05CD51EAE}.Debug|Any CPU.ActiveCfg = Debug|Any CPU
		{175ABB4F-667E-4568-B330-D9C05CD51EAE}.Debug|Any CPU.Build.0 = Debug|Any CPU
		{175ABB4F-667E-4568-B330-D9C05CD51EAE}.Release|Any CPU.ActiveCfg = Release|Any CPU
		{175ABB4F-667E-4568-B330-D9C05CD51EAE}.Release|Any CPU.Build.0 = Release|Any CPU
		{10A75D19-8647-410E-AEDA-D7DE48E4406C}.Debug|Any CPU.ActiveCfg = Debug|Any CPU
		{10A75D19-8647-410E-AEDA-D7DE48E4406C}.Debug|Any CPU.Build.0 = Debug|Any CPU
		{10A75D19-8647-410E-AEDA-D7DE48E4406C}.Release|Any CPU.ActiveCfg = Release|Any CPU
		{10A75D19-8647-410E-AEDA-D7DE48E4406C}.Release|Any CPU.Build.0 = Release|Any CPU
		{94FBDB1F-6ED2-4183-B837-C40875C16464}.Debug|Any CPU.ActiveCfg = Debug|Any CPU
		{94FBDB1F-6ED2-4183-B837-C40875C16464}.Debug|Any CPU.Build.0 = Debug|Any CPU
		{94FBDB1F-6ED2-4183-B837-C40875C16464}.Release|Any CPU.ActiveCfg = Release|Any CPU
		{94FBDB1F-6ED2-4183-B837-C40875C16464}.Release|Any CPU.Build.0 = Release|Any CPU
		{4E2B4AFC-FF9C-4079-BAEE-968524A94A9B}.Debug|Any CPU.ActiveCfg = Debug|Any CPU
		{4E2B4AFC-FF9C-4079-BAEE-968524A94A9B}.Debug|Any CPU.Build.0 = Debug|Any CPU
		{4E2B4AFC-FF9C-4079-BAEE-968524A94A9B}.Release|Any CPU.ActiveCfg = Release|Any CPU
		{4E2B4AFC-FF9C-4079-BAEE-968524A94A9B}.Release|Any CPU.Build.0 = Release|Any CPU
		{2113ABBB-C704-4771-8BFB-8E7EC3A380F9}.Debug|Any CPU.ActiveCfg = Debug|Any CPU
		{2113ABBB-C704-4771-8BFB-8E7EC3A380F9}.Debug|Any CPU.Build.0 = Debug|Any CPU
		{2113ABBB-C704-4771-8BFB-8E7EC3A380F9}.Release|Any CPU.ActiveCfg = Release|Any CPU
		{2113ABBB-C704-4771-8BFB-8E7EC3A380F9}.Release|Any CPU.Build.0 = Release|Any CPU
		{8DA567A8-C5B3-434E-9468-D99465B18E5D}.Debug|Any CPU.ActiveCfg = Debug|Any CPU
		{8DA567A8-C5B3-434E-9468-D99465B18E5D}.Debug|Any CPU.Build.0 = Debug|Any CPU
		{8DA567A8-C5B3-434E-9468-D99465B18E5D}.Release|Any CPU.ActiveCfg = Release|Any CPU
		{8DA567A8-C5B3-434E-9468-D99465B18E5D}.Release|Any CPU.Build.0 = Release|Any CPU
		{A1BB7DD2-F184-40BA-BD9F-E51BD539AB7B}.Debug|Any CPU.ActiveCfg = Debug|Any CPU
		{A1BB7DD2-F184-40BA-BD9F-E51BD539AB7B}.Debug|Any CPU.Build.0 = Debug|Any CPU
		{A1BB7DD2-F184-40BA-BD9F-E51BD539AB7B}.Release|Any CPU.ActiveCfg = Release|Any CPU
		{A1BB7DD2-F184-40BA-BD9F-E51BD539AB7B}.Release|Any CPU.Build.0 = Release|Any CPU
		{361A19D8-7CAF-41DF-82A5-65F2A42C0B5D}.Debug|Any CPU.ActiveCfg = Debug|Any CPU
		{361A19D8-7CAF-41DF-82A5-65F2A42C0B5D}.Debug|Any CPU.Build.0 = Debug|Any CPU
		{361A19D8-7CAF-41DF-82A5-65F2A42C0B5D}.Release|Any CPU.ActiveCfg = Release|Any CPU
		{361A19D8-7CAF-41DF-82A5-65F2A42C0B5D}.Release|Any CPU.Build.0 = Release|Any CPU
		{74B10AA3-14D4-4385-835E-1588BE87D09C}.Debug|Any CPU.ActiveCfg = Debug|Any CPU
		{74B10AA3-14D4-4385-835E-1588BE87D09C}.Debug|Any CPU.Build.0 = Debug|Any CPU
		{74B10AA3-14D4-4385-835E-1588BE87D09C}.Release|Any CPU.ActiveCfg = Release|Any CPU
		{74B10AA3-14D4-4385-835E-1588BE87D09C}.Release|Any CPU.Build.0 = Release|Any CPU
		{4A46D411-1FB2-4B55-8117-5406AFF5634C}.Debug|Any CPU.ActiveCfg = Debug|Any CPU
		{4A46D411-1FB2-4B55-8117-5406AFF5634C}.Debug|Any CPU.Build.0 = Debug|Any CPU
		{4A46D411-1FB2-4B55-8117-5406AFF5634C}.Release|Any CPU.ActiveCfg = Release|Any CPU
		{4A46D411-1FB2-4B55-8117-5406AFF5634C}.Release|Any CPU.Build.0 = Release|Any CPU
		{9ABE2AF5-5947-44A3-8B45-BDB5F21F12DB}.Debug|Any CPU.ActiveCfg = Debug|Any CPU
		{9ABE2AF5-5947-44A3-8B45-BDB5F21F12DB}.Debug|Any CPU.Build.0 = Debug|Any CPU
		{9ABE2AF5-5947-44A3-8B45-BDB5F21F12DB}.Release|Any CPU.ActiveCfg = Release|Any CPU
		{9ABE2AF5-5947-44A3-8B45-BDB5F21F12DB}.Release|Any CPU.Build.0 = Release|Any CPU
		{D35131BE-A5C5-4BBA-8E9B-5406B68DC692}.Debug|Any CPU.ActiveCfg = Debug|Any CPU
		{D35131BE-A5C5-4BBA-8E9B-5406B68DC692}.Debug|Any CPU.Build.0 = Debug|Any CPU
		{D35131BE-A5C5-4BBA-8E9B-5406B68DC692}.Release|Any CPU.ActiveCfg = Release|Any CPU
		{D35131BE-A5C5-4BBA-8E9B-5406B68DC692}.Release|Any CPU.Build.0 = Release|Any CPU
		{F15ADE9C-1742-4F8D-ADE7-EDF3081F04BD}.Debug|Any CPU.ActiveCfg = Debug|Any CPU
		{F15ADE9C-1742-4F8D-ADE7-EDF3081F04BD}.Debug|Any CPU.Build.0 = Debug|Any CPU
		{F15ADE9C-1742-4F8D-ADE7-EDF3081F04BD}.Release|Any CPU.ActiveCfg = Release|Any CPU
		{F15ADE9C-1742-4F8D-ADE7-EDF3081F04BD}.Release|Any CPU.Build.0 = Release|Any CPU
		{47708387-9DEC-4697-924A-6935F62C8204}.Debug|Any CPU.ActiveCfg = Debug|Any CPU
		{47708387-9DEC-4697-924A-6935F62C8204}.Debug|Any CPU.Build.0 = Debug|Any CPU
		{47708387-9DEC-4697-924A-6935F62C8204}.Release|Any CPU.ActiveCfg = Release|Any CPU
		{47708387-9DEC-4697-924A-6935F62C8204}.Release|Any CPU.Build.0 = Release|Any CPU
		{0E3DC681-981D-4223-9159-99F5FEA07959}.Debug|Any CPU.ActiveCfg = Debug|Any CPU
		{0E3DC681-981D-4223-9159-99F5FEA07959}.Debug|Any CPU.Build.0 = Debug|Any CPU
		{0E3DC681-981D-4223-9159-99F5FEA07959}.Release|Any CPU.ActiveCfg = Release|Any CPU
		{0E3DC681-981D-4223-9159-99F5FEA07959}.Release|Any CPU.Build.0 = Release|Any CPU
		{7906E249-F759-4DBD-AA7C-345B02C257A8}.Debug|Any CPU.ActiveCfg = Debug|Any CPU
		{7906E249-F759-4DBD-AA7C-345B02C257A8}.Debug|Any CPU.Build.0 = Debug|Any CPU
		{7906E249-F759-4DBD-AA7C-345B02C257A8}.Release|Any CPU.ActiveCfg = Release|Any CPU
		{7906E249-F759-4DBD-AA7C-345B02C257A8}.Release|Any CPU.Build.0 = Release|Any CPU
		{44ED8BA1-D9D6-4152-93AD-583C028DC6D1}.Debug|Any CPU.ActiveCfg = Debug|Any CPU
		{44ED8BA1-D9D6-4152-93AD-583C028DC6D1}.Debug|Any CPU.Build.0 = Debug|Any CPU
		{44ED8BA1-D9D6-4152-93AD-583C028DC6D1}.Release|Any CPU.ActiveCfg = Release|Any CPU
		{44ED8BA1-D9D6-4152-93AD-583C028DC6D1}.Release|Any CPU.Build.0 = Release|Any CPU
		{37F831DD-BE2D-4652-AC7F-F02767F1154C}.Debug|Any CPU.ActiveCfg = Debug|Any CPU
		{37F831DD-BE2D-4652-AC7F-F02767F1154C}.Debug|Any CPU.Build.0 = Debug|Any CPU
		{37F831DD-BE2D-4652-AC7F-F02767F1154C}.Release|Any CPU.ActiveCfg = Release|Any CPU
		{37F831DD-BE2D-4652-AC7F-F02767F1154C}.Release|Any CPU.Build.0 = Release|Any CPU
		{2662A305-DB54-47F7-BB6F-279E02ECB6DA}.Debug|Any CPU.ActiveCfg = Debug|Any CPU
		{2662A305-DB54-47F7-BB6F-279E02ECB6DA}.Debug|Any CPU.Build.0 = Debug|Any CPU
		{2662A305-DB54-47F7-BB6F-279E02ECB6DA}.Release|Any CPU.ActiveCfg = Release|Any CPU
		{2662A305-DB54-47F7-BB6F-279E02ECB6DA}.Release|Any CPU.Build.0 = Release|Any CPU
		{065B55EC-570B-430B-B3F7-7219058E73C1}.Debug|Any CPU.ActiveCfg = Debug|Any CPU
		{065B55EC-570B-430B-B3F7-7219058E73C1}.Debug|Any CPU.Build.0 = Debug|Any CPU
		{065B55EC-570B-430B-B3F7-7219058E73C1}.Release|Any CPU.ActiveCfg = Release|Any CPU
		{065B55EC-570B-430B-B3F7-7219058E73C1}.Release|Any CPU.Build.0 = Release|Any CPU
		{9986D297-F82E-46BE-849F-97593FBB7442}.Debug|Any CPU.ActiveCfg = Debug|Any CPU
		{9986D297-F82E-46BE-849F-97593FBB7442}.Debug|Any CPU.Build.0 = Debug|Any CPU
		{9986D297-F82E-46BE-849F-97593FBB7442}.Release|Any CPU.ActiveCfg = Release|Any CPU
		{9986D297-F82E-46BE-849F-97593FBB7442}.Release|Any CPU.Build.0 = Release|Any CPU
		{AF11FD7E-0462-4626-A5FB-194F1D01EC50}.Debug|Any CPU.ActiveCfg = Debug|Any CPU
		{AF11FD7E-0462-4626-A5FB-194F1D01EC50}.Debug|Any CPU.Build.0 = Debug|Any CPU
		{AF11FD7E-0462-4626-A5FB-194F1D01EC50}.Release|Any CPU.ActiveCfg = Release|Any CPU
		{AF11FD7E-0462-4626-A5FB-194F1D01EC50}.Release|Any CPU.Build.0 = Release|Any CPU
		{1134A7B5-2849-4E98-8BB0-824D602B74EC}.Debug|Any CPU.ActiveCfg = Debug|Any CPU
		{1134A7B5-2849-4E98-8BB0-824D602B74EC}.Debug|Any CPU.Build.0 = Debug|Any CPU
		{1134A7B5-2849-4E98-8BB0-824D602B74EC}.Release|Any CPU.ActiveCfg = Release|Any CPU
		{1134A7B5-2849-4E98-8BB0-824D602B74EC}.Release|Any CPU.Build.0 = Release|Any CPU
		{5A48A2B8-7F91-476B-82EB-6CEBD2AB0915}.Debug|Any CPU.ActiveCfg = Debug|Any CPU
		{5A48A2B8-7F91-476B-82EB-6CEBD2AB0915}.Debug|Any CPU.Build.0 = Debug|Any CPU
		{5A48A2B8-7F91-476B-82EB-6CEBD2AB0915}.Release|Any CPU.ActiveCfg = Release|Any CPU
		{5A48A2B8-7F91-476B-82EB-6CEBD2AB0915}.Release|Any CPU.Build.0 = Release|Any CPU
		{0F90926A-75C0-4CAA-98EF-3D21B66A0AAA}.Debug|Any CPU.ActiveCfg = Debug|Any CPU
		{0F90926A-75C0-4CAA-98EF-3D21B66A0AAA}.Debug|Any CPU.Build.0 = Debug|Any CPU
		{0F90926A-75C0-4CAA-98EF-3D21B66A0AAA}.Release|Any CPU.ActiveCfg = Release|Any CPU
		{0F90926A-75C0-4CAA-98EF-3D21B66A0AAA}.Release|Any CPU.Build.0 = Release|Any CPU
		{3EC1DEBC-257B-4326-B467-1BFC25C34DF9}.Debug|Any CPU.ActiveCfg = Debug|Any CPU
		{3EC1DEBC-257B-4326-B467-1BFC25C34DF9}.Debug|Any CPU.Build.0 = Debug|Any CPU
		{3EC1DEBC-257B-4326-B467-1BFC25C34DF9}.Release|Any CPU.ActiveCfg = Release|Any CPU
		{3EC1DEBC-257B-4326-B467-1BFC25C34DF9}.Release|Any CPU.Build.0 = Release|Any CPU
		{E8D6DBC5-BB6E-4101-9609-CB7907F7A6E4}.Debug|Any CPU.ActiveCfg = Debug|Any CPU
		{E8D6DBC5-BB6E-4101-9609-CB7907F7A6E4}.Debug|Any CPU.Build.0 = Debug|Any CPU
		{E8D6DBC5-BB6E-4101-9609-CB7907F7A6E4}.Release|Any CPU.ActiveCfg = Release|Any CPU
		{E8D6DBC5-BB6E-4101-9609-CB7907F7A6E4}.Release|Any CPU.Build.0 = Release|Any CPU
		{9C97AC90-5DC3-49A9-B846-FFC44C1E1E76}.Debug|Any CPU.ActiveCfg = Debug|Any CPU
		{9C97AC90-5DC3-49A9-B846-FFC44C1E1E76}.Debug|Any CPU.Build.0 = Debug|Any CPU
		{9C97AC90-5DC3-49A9-B846-FFC44C1E1E76}.Release|Any CPU.ActiveCfg = Release|Any CPU
		{9C97AC90-5DC3-49A9-B846-FFC44C1E1E76}.Release|Any CPU.Build.0 = Release|Any CPU
		{C4BB92FB-D9C4-4878-B6B9-003361A208D5}.Debug|Any CPU.ActiveCfg = Debug|Any CPU
		{C4BB92FB-D9C4-4878-B6B9-003361A208D5}.Debug|Any CPU.Build.0 = Debug|Any CPU
		{C4BB92FB-D9C4-4878-B6B9-003361A208D5}.Release|Any CPU.ActiveCfg = Release|Any CPU
		{C4BB92FB-D9C4-4878-B6B9-003361A208D5}.Release|Any CPU.Build.0 = Release|Any CPU
		{0FD6EE70-8B42-48FA-B5CD-4CC199940ECF}.Debug|Any CPU.ActiveCfg = Debug|Any CPU
		{0FD6EE70-8B42-48FA-B5CD-4CC199940ECF}.Debug|Any CPU.Build.0 = Debug|Any CPU
		{0FD6EE70-8B42-48FA-B5CD-4CC199940ECF}.Release|Any CPU.ActiveCfg = Release|Any CPU
		{0FD6EE70-8B42-48FA-B5CD-4CC199940ECF}.Release|Any CPU.Build.0 = Release|Any CPU
		{FC094E07-D885-4349-AAF5-4A54262EFCA1}.Debug|Any CPU.ActiveCfg = Debug|Any CPU
		{FC094E07-D885-4349-AAF5-4A54262EFCA1}.Debug|Any CPU.Build.0 = Debug|Any CPU
		{FC094E07-D885-4349-AAF5-4A54262EFCA1}.Release|Any CPU.ActiveCfg = Release|Any CPU
		{FC094E07-D885-4349-AAF5-4A54262EFCA1}.Release|Any CPU.Build.0 = Release|Any CPU
		{A319F299-BBBE-451B-BA14-F32F8427AD3B}.Debug|Any CPU.ActiveCfg = Debug|Any CPU
		{A319F299-BBBE-451B-BA14-F32F8427AD3B}.Debug|Any CPU.Build.0 = Debug|Any CPU
		{A319F299-BBBE-451B-BA14-F32F8427AD3B}.Release|Any CPU.ActiveCfg = Release|Any CPU
		{A319F299-BBBE-451B-BA14-F32F8427AD3B}.Release|Any CPU.Build.0 = Release|Any CPU
		{A7D422A3-B787-41BA-9942-AC458A22425A}.Debug|Any CPU.ActiveCfg = Debug|Any CPU
		{A7D422A3-B787-41BA-9942-AC458A22425A}.Debug|Any CPU.Build.0 = Debug|Any CPU
		{A7D422A3-B787-41BA-9942-AC458A22425A}.Release|Any CPU.ActiveCfg = Release|Any CPU
		{A7D422A3-B787-41BA-9942-AC458A22425A}.Release|Any CPU.Build.0 = Release|Any CPU
		{B29A0B90-B5FB-4097-8F8B-3167EB3BD5E2}.Debug|Any CPU.ActiveCfg = Debug|Any CPU
		{B29A0B90-B5FB-4097-8F8B-3167EB3BD5E2}.Debug|Any CPU.Build.0 = Debug|Any CPU
		{B29A0B90-B5FB-4097-8F8B-3167EB3BD5E2}.Release|Any CPU.ActiveCfg = Release|Any CPU
		{B29A0B90-B5FB-4097-8F8B-3167EB3BD5E2}.Release|Any CPU.Build.0 = Release|Any CPU
		{D1D488F7-89C7-4A34-9613-11B38DB02372}.Debug|Any CPU.ActiveCfg = Debug|Any CPU
		{D1D488F7-89C7-4A34-9613-11B38DB02372}.Debug|Any CPU.Build.0 = Debug|Any CPU
		{D1D488F7-89C7-4A34-9613-11B38DB02372}.Release|Any CPU.ActiveCfg = Release|Any CPU
		{D1D488F7-89C7-4A34-9613-11B38DB02372}.Release|Any CPU.Build.0 = Release|Any CPU
		{9CD88CE1-E1DD-4732-B6CF-7D02BF85EDC4}.Debug|Any CPU.ActiveCfg = Debug|Any CPU
		{9CD88CE1-E1DD-4732-B6CF-7D02BF85EDC4}.Debug|Any CPU.Build.0 = Debug|Any CPU
		{9CD88CE1-E1DD-4732-B6CF-7D02BF85EDC4}.Release|Any CPU.ActiveCfg = Release|Any CPU
		{9CD88CE1-E1DD-4732-B6CF-7D02BF85EDC4}.Release|Any CPU.Build.0 = Release|Any CPU
	EndGlobalSection
	GlobalSection(SolutionProperties) = preSolution
		HideSolutionNode = FALSE
	EndGlobalSection
	GlobalSection(ExtensibilityGlobals) = postSolution
		SolutionGuid = {9411AC1C-374A-40F1-A5B3-5EDBCEF912EF}
	EndGlobalSection
EndGlobal
