
Microsoft Visual Studio Solution File, Format Version 12.00
# Visual Studio Version 16
VisualStudioVersion = 16.0.31515.178
MinimumVisualStudioVersion = 10.0.40219.1
Project("{9A19103F-16F7-4668-BE54-9A1E7A4F7556}") = "PraticeLeetCode", "PraticeLeetCode\PraticeLeetCode.csproj", "{CC5AB15B-22C9-436E-9454-F68CC64F26C8}"
EndProject
Project("{9A19103F-16F7-4668-BE54-9A1E7A4F7556}") = "gas-station", "gas-station\gas-station.csproj", "{F6C7A387-46AB-4F9F-A668-57C5FA4230DE}"
EndProject
Project("{9A19103F-16F7-4668-BE54-9A1E7A4F7556}") = "candy", "candy\candy.csproj", "{0AF43B89-CCBA-4CBF-8A91-79C3E67D039E}"
EndProject
Project("{9A19103F-16F7-4668-BE54-9A1E7A4F7556}") = "same-tree", "same-tree\same-tree.csproj", "{8471CA9E-DCB9-44DE-BF61-4B672A7DD18D}"
EndProject
Project("{9A19103F-16F7-4668-BE54-9A1E7A4F7556}") = "binary-tree-preorder-traversal", "binary-tree-preorder-traversal\binary-tree-preorder-traversal.csproj", "{EBA2F1AD-8943-4769-BDDC-D22996D86D6F}"
EndProject
Project("{9A19103F-16F7-4668-BE54-9A1E7A4F7556}") = "maximum-ice-cream-bars", "maximum-ice-cream-bars\maximum-ice-cream-bars.csproj", "{69720608-582A-4993-82EE-CFF0E652886E}"
EndProject
Project("{9A19103F-16F7-4668-BE54-9A1E7A4F7556}") = "max-points-on-a-line", "max-points-on-a-line\max-points-on-a-line.csproj", "{54D01B20-E1BD-4090-B472-5C0571953C81}"
EndProject
Project("{9A19103F-16F7-4668-BE54-9A1E7A4F7556}") = "minimum-time-to-collect-all-apples-in-a-tree", "minimum-time-to-collect-all-apples-in-a-tree\minimum-time-to-collect-all-apples-in-a-tree.csproj", "{0D15E1E7-3733-40EC-9AD6-3EDCB5330AC9}"
EndProject
Project("{9A19103F-16F7-4668-BE54-9A1E7A4F7556}") = "number-of-nodes-in-the-sub-tree-with-the-same-label", "number-of-nodes-in-the-sub-tree-with-the-same-label\number-of-nodes-in-the-sub-tree-with-the-same-label.csproj", "{CD2FEC9F-7880-4576-9156-C3FB0CFE0743}"
EndProject
Project("{9A19103F-16F7-4668-BE54-9A1E7A4F7556}") = "longest-path-with-different-adjacent-characters", "longest-path-with-different-adjacent-characters\longest-path-with-different-adjacent-characters.csproj", "{F7FE6B8F-66E1-485F-A785-955989F4DD6A}"
EndProject
Project("{9A19103F-16F7-4668-BE54-9A1E7A4F7556}") = "lexicographically-smallest-equivalent-string", "lexicographically-smallest-equivalent-string\lexicographically-smallest-equivalent-string.csproj", "{8FEA8F47-E9E8-44A6-929E-1A59B607FEA8}"
EndProject
Project("{9A19103F-16F7-4668-BE54-9A1E7A4F7556}") = "number-of-good-paths", "number-of-good-paths\number-of-good-paths.csproj", "{E3A17EC2-8135-4FC0-BB98-B863EEFA03B4}"
EndProject
Project("{9A19103F-16F7-4668-BE54-9A1E7A4F7556}") = "insert-interval", "insert-interval\insert-interval.csproj", "{2E426B62-FF17-4053-B528-B54B66AF44C6}"
EndProject
Project("{9A19103F-16F7-4668-BE54-9A1E7A4F7556}") = "word-pattern", "word-pattern\word-pattern.csproj", "{3269E4A4-D22E-4F0E-9CBC-48A155BDEF29}"
EndProject
Project("{9A19103F-16F7-4668-BE54-9A1E7A4F7556}") = "detect-capital", "detect-capital\detect-capital.csproj", "{2BB6B203-7072-4012-9EA5-86B6AE7EC7A4}"
EndProject
Project("{9A19103F-16F7-4668-BE54-9A1E7A4F7556}") = "flip-string-to-monotone-increasing", "flip-string-to-monotone-increasing\flip-string-to-monotone-increasing.csproj", "{BCB50ECF-95A1-49C2-9AE0-28DC06B43E49}"
EndProject
Project("{9A19103F-16F7-4668-BE54-9A1E7A4F7556}") = "maximum-sum-circular-subarray", "maximum-sum-circular-subarray\maximum-sum-circular-subarray.csproj", "{16665801-C5E8-4ABB-86F4-A257D443D5A3}"
EndProject
Project("{9A19103F-16F7-4668-BE54-9A1E7A4F7556}") = "greatest-common-divisor-of-strings", "greatest-common-divisor-of-strings\greatest-common-divisor-of-strings.csproj", "{175ABB4F-667E-4568-B330-D9C05CD51EAE}"
EndProject
Project("{9A19103F-16F7-4668-BE54-9A1E7A4F7556}") = "verifying-an-alien-dictionary", "verifying-an-alien-dictionary\verifying-an-alien-dictionary.csproj", "{10A75D19-8647-410E-AEDA-D7DE48E4406C}"
EndProject
Project("{9A19103F-16F7-4668-BE54-9A1E7A4F7556}") = "zigzag-conversion", "zigzag-conversion\zigzag-conversion.csproj", "{94FBDB1F-6ED2-4183-B837-C40875C16464}"
EndProject
Project("{9A19103F-16F7-4668-BE54-9A1E7A4F7556}") = "permutation-in-string", "permutation-in-string\permutation-in-string.csproj", "{4E2B4AFC-FF9C-4079-BAEE-968524A94A9B}"
EndProject
Project("{9A19103F-16F7-4668-BE54-9A1E7A4F7556}") = "find-all-anagrams-in-a-string", "find-all-anagrams-in-a-string\find-all-anagrams-in-a-string.csproj", "{2113ABBB-C704-4771-8BFB-8E7EC3A380F9}"
EndProject
Project("{9A19103F-16F7-4668-BE54-9A1E7A4F7556}") = "shuffle-the-array", "shuffle-the-array\shuffle-the-array.csproj", "{8DA567A8-C5B3-434E-9468-D99465B18E5D}"
EndProject
Project("{9A19103F-16F7-4668-BE54-9A1E7A4F7556}") = "fruit-into-baskets", "fruit-into-baskets\fruit-into-baskets.csproj", "{A1BB7DD2-F184-40BA-BD9F-E51BD539AB7B}"
EndProject
Project("{FAE04EC0-301F-11D3-BF4B-00C04F79EFBC}") = "jump-game-ii", "jump-game-ii\jump-game-ii.csproj", "{361A19D8-7CAF-41DF-82A5-65F2A42C0B5D}"
EndProject
Project("{FAE04EC0-301F-11D3-BF4B-00C04F79EFBC}") = "jump-game", "jump-game\jump-game.csproj", "{74B10AA3-14D4-4385-835E-1588BE87D09C}"
EndProject
Global
	GlobalSection(SolutionConfigurationPlatforms) = preSolution
		Debug|Any CPU = Debug|Any CPU
		Release|Any CPU = Release|Any CPU
	EndGlobalSection
	GlobalSection(ProjectConfigurationPlatforms) = postSolution
		{CC5AB15B-22C9-436E-9454-F68CC64F26C8}.Debug|Any CPU.ActiveCfg = Debug|Any CPU
		{CC5AB15B-22C9-436E-9454-F68CC64F26C8}.Debug|Any CPU.Build.0 = Debug|Any CPU
		{CC5AB15B-22C9-436E-9454-F68CC64F26C8}.Release|Any CPU.ActiveCfg = Release|Any CPU
		{CC5AB15B-22C9-436E-9454-F68CC64F26C8}.Release|Any CPU.Build.0 = Release|Any CPU
		{F6C7A387-46AB-4F9F-A668-57C5FA4230DE}.Debug|Any CPU.ActiveCfg = Debug|Any CPU
		{F6C7A387-46AB-4F9F-A668-57C5FA4230DE}.Debug|Any CPU.Build.0 = Debug|Any CPU
		{F6C7A387-46AB-4F9F-A668-57C5FA4230DE}.Release|Any CPU.ActiveCfg = Release|Any CPU
		{F6C7A387-46AB-4F9F-A668-57C5FA4230DE}.Release|Any CPU.Build.0 = Release|Any CPU
		{0AF43B89-CCBA-4CBF-8A91-79C3E67D039E}.Debug|Any CPU.ActiveCfg = Debug|Any CPU
		{0AF43B89-CCBA-4CBF-8A91-79C3E67D039E}.Debug|Any CPU.Build.0 = Debug|Any CPU
		{0AF43B89-CCBA-4CBF-8A91-79C3E67D039E}.Release|Any CPU.ActiveCfg = Release|Any CPU
		{0AF43B89-CCBA-4CBF-8A91-79C3E67D039E}.Release|Any CPU.Build.0 = Release|Any CPU
		{8471CA9E-DCB9-44DE-BF61-4B672A7DD18D}.Debug|Any CPU.ActiveCfg = Debug|Any CPU
		{8471CA9E-DCB9-44DE-BF61-4B672A7DD18D}.Debug|Any CPU.Build.0 = Debug|Any CPU
		{8471CA9E-DCB9-44DE-BF61-4B672A7DD18D}.Release|Any CPU.ActiveCfg = Release|Any CPU
		{8471CA9E-DCB9-44DE-BF61-4B672A7DD18D}.Release|Any CPU.Build.0 = Release|Any CPU
		{EBA2F1AD-8943-4769-BDDC-D22996D86D6F}.Debug|Any CPU.ActiveCfg = Debug|Any CPU
		{EBA2F1AD-8943-4769-BDDC-D22996D86D6F}.Debug|Any CPU.Build.0 = Debug|Any CPU
		{EBA2F1AD-8943-4769-BDDC-D22996D86D6F}.Release|Any CPU.ActiveCfg = Release|Any CPU
		{EBA2F1AD-8943-4769-BDDC-D22996D86D6F}.Release|Any CPU.Build.0 = Release|Any CPU
		{69720608-582A-4993-82EE-CFF0E652886E}.Debug|Any CPU.ActiveCfg = Debug|Any CPU
		{69720608-582A-4993-82EE-CFF0E652886E}.Debug|Any CPU.Build.0 = Debug|Any CPU
		{69720608-582A-4993-82EE-CFF0E652886E}.Release|Any CPU.ActiveCfg = Release|Any CPU
		{69720608-582A-4993-82EE-CFF0E652886E}.Release|Any CPU.Build.0 = Release|Any CPU
		{54D01B20-E1BD-4090-B472-5C0571953C81}.Debug|Any CPU.ActiveCfg = Debug|Any CPU
		{54D01B20-E1BD-4090-B472-5C0571953C81}.Debug|Any CPU.Build.0 = Debug|Any CPU
		{54D01B20-E1BD-4090-B472-5C0571953C81}.Release|Any CPU.ActiveCfg = Release|Any CPU
		{54D01B20-E1BD-4090-B472-5C0571953C81}.Release|Any CPU.Build.0 = Release|Any CPU
		{0D15E1E7-3733-40EC-9AD6-3EDCB5330AC9}.Debug|Any CPU.ActiveCfg = Debug|Any CPU
		{0D15E1E7-3733-40EC-9AD6-3EDCB5330AC9}.Debug|Any CPU.Build.0 = Debug|Any CPU
		{0D15E1E7-3733-40EC-9AD6-3EDCB5330AC9}.Release|Any CPU.ActiveCfg = Release|Any CPU
		{0D15E1E7-3733-40EC-9AD6-3EDCB5330AC9}.Release|Any CPU.Build.0 = Release|Any CPU
		{CD2FEC9F-7880-4576-9156-C3FB0CFE0743}.Debug|Any CPU.ActiveCfg = Debug|Any CPU
		{CD2FEC9F-7880-4576-9156-C3FB0CFE0743}.Debug|Any CPU.Build.0 = Debug|Any CPU
		{CD2FEC9F-7880-4576-9156-C3FB0CFE0743}.Release|Any CPU.ActiveCfg = Release|Any CPU
		{CD2FEC9F-7880-4576-9156-C3FB0CFE0743}.Release|Any CPU.Build.0 = Release|Any CPU
		{F7FE6B8F-66E1-485F-A785-955989F4DD6A}.Debug|Any CPU.ActiveCfg = Debug|Any CPU
		{F7FE6B8F-66E1-485F-A785-955989F4DD6A}.Debug|Any CPU.Build.0 = Debug|Any CPU
		{F7FE6B8F-66E1-485F-A785-955989F4DD6A}.Release|Any CPU.ActiveCfg = Release|Any CPU
		{F7FE6B8F-66E1-485F-A785-955989F4DD6A}.Release|Any CPU.Build.0 = Release|Any CPU
		{8FEA8F47-E9E8-44A6-929E-1A59B607FEA8}.Debug|Any CPU.ActiveCfg = Debug|Any CPU
		{8FEA8F47-E9E8-44A6-929E-1A59B607FEA8}.Debug|Any CPU.Build.0 = Debug|Any CPU
		{8FEA8F47-E9E8-44A6-929E-1A59B607FEA8}.Release|Any CPU.ActiveCfg = Release|Any CPU
		{8FEA8F47-E9E8-44A6-929E-1A59B607FEA8}.Release|Any CPU.Build.0 = Release|Any CPU
		{E3A17EC2-8135-4FC0-BB98-B863EEFA03B4}.Debug|Any CPU.ActiveCfg = Debug|Any CPU
		{E3A17EC2-8135-4FC0-BB98-B863EEFA03B4}.Debug|Any CPU.Build.0 = Debug|Any CPU
		{E3A17EC2-8135-4FC0-BB98-B863EEFA03B4}.Release|Any CPU.ActiveCfg = Release|Any CPU
		{E3A17EC2-8135-4FC0-BB98-B863EEFA03B4}.Release|Any CPU.Build.0 = Release|Any CPU
		{2E426B62-FF17-4053-B528-B54B66AF44C6}.Debug|Any CPU.ActiveCfg = Debug|Any CPU
		{2E426B62-FF17-4053-B528-B54B66AF44C6}.Debug|Any CPU.Build.0 = Debug|Any CPU
		{2E426B62-FF17-4053-B528-B54B66AF44C6}.Release|Any CPU.ActiveCfg = Release|Any CPU
		{2E426B62-FF17-4053-B528-B54B66AF44C6}.Release|Any CPU.Build.0 = Release|Any CPU
		{3269E4A4-D22E-4F0E-9CBC-48A155BDEF29}.Debug|Any CPU.ActiveCfg = Debug|Any CPU
		{3269E4A4-D22E-4F0E-9CBC-48A155BDEF29}.Debug|Any CPU.Build.0 = Debug|Any CPU
		{3269E4A4-D22E-4F0E-9CBC-48A155BDEF29}.Release|Any CPU.ActiveCfg = Release|Any CPU
		{3269E4A4-D22E-4F0E-9CBC-48A155BDEF29}.Release|Any CPU.Build.0 = Release|Any CPU
		{2BB6B203-7072-4012-9EA5-86B6AE7EC7A4}.Debug|Any CPU.ActiveCfg = Debug|Any CPU
		{2BB6B203-7072-4012-9EA5-86B6AE7EC7A4}.Debug|Any CPU.Build.0 = Debug|Any CPU
		{2BB6B203-7072-4012-9EA5-86B6AE7EC7A4}.Release|Any CPU.ActiveCfg = Release|Any CPU
		{2BB6B203-7072-4012-9EA5-86B6AE7EC7A4}.Release|Any CPU.Build.0 = Release|Any CPU
		{BCB50ECF-95A1-49C2-9AE0-28DC06B43E49}.Debug|Any CPU.ActiveCfg = Debug|Any CPU
		{BCB50ECF-95A1-49C2-9AE0-28DC06B43E49}.Debug|Any CPU.Build.0 = Debug|Any CPU
		{BCB50ECF-95A1-49C2-9AE0-28DC06B43E49}.Release|Any CPU.ActiveCfg = Release|Any CPU
		{BCB50ECF-95A1-49C2-9AE0-28DC06B43E49}.Release|Any CPU.Build.0 = Release|Any CPU
		{16665801-C5E8-4ABB-86F4-A257D443D5A3}.Debug|Any CPU.ActiveCfg = Debug|Any CPU
		{16665801-C5E8-4ABB-86F4-A257D443D5A3}.Debug|Any CPU.Build.0 = Debug|Any CPU
		{16665801-C5E8-4ABB-86F4-A257D443D5A3}.Release|Any CPU.ActiveCfg = Release|Any CPU
		{16665801-C5E8-4ABB-86F4-A257D443D5A3}.Release|Any CPU.Build.0 = Release|Any CPU
		{175ABB4F-667E-4568-B330-D9C05CD51EAE}.Debug|Any CPU.ActiveCfg = Debug|Any CPU
		{175ABB4F-667E-4568-B330-D9C05CD51EAE}.Debug|Any CPU.Build.0 = Debug|Any CPU
		{175ABB4F-667E-4568-B330-D9C05CD51EAE}.Release|Any CPU.ActiveCfg = Release|Any CPU
		{175ABB4F-667E-4568-B330-D9C05CD51EAE}.Release|Any CPU.Build.0 = Release|Any CPU
		{10A75D19-8647-410E-AEDA-D7DE48E4406C}.Debug|Any CPU.ActiveCfg = Debug|Any CPU
		{10A75D19-8647-410E-AEDA-D7DE48E4406C}.Debug|Any CPU.Build.0 = Debug|Any CPU
		{10A75D19-8647-410E-AEDA-D7DE48E4406C}.Release|Any CPU.ActiveCfg = Release|Any CPU
		{10A75D19-8647-410E-AEDA-D7DE48E4406C}.Release|Any CPU.Build.0 = Release|Any CPU
		{94FBDB1F-6ED2-4183-B837-C40875C16464}.Debug|Any CPU.ActiveCfg = Debug|Any CPU
		{94FBDB1F-6ED2-4183-B837-C40875C16464}.Debug|Any CPU.Build.0 = Debug|Any CPU
		{94FBDB1F-6ED2-4183-B837-C40875C16464}.Release|Any CPU.ActiveCfg = Release|Any CPU
		{94FBDB1F-6ED2-4183-B837-C40875C16464}.Release|Any CPU.Build.0 = Release|Any CPU
		{4E2B4AFC-FF9C-4079-BAEE-968524A94A9B}.Debug|Any CPU.ActiveCfg = Debug|Any CPU
		{4E2B4AFC-FF9C-4079-BAEE-968524A94A9B}.Debug|Any CPU.Build.0 = Debug|Any CPU
		{4E2B4AFC-FF9C-4079-BAEE-968524A94A9B}.Release|Any CPU.ActiveCfg = Release|Any CPU
		{4E2B4AFC-FF9C-4079-BAEE-968524A94A9B}.Release|Any CPU.Build.0 = Release|Any CPU
		{2113ABBB-C704-4771-8BFB-8E7EC3A380F9}.Debug|Any CPU.ActiveCfg = Debug|Any CPU
		{2113ABBB-C704-4771-8BFB-8E7EC3A380F9}.Debug|Any CPU.Build.0 = Debug|Any CPU
		{2113ABBB-C704-4771-8BFB-8E7EC3A380F9}.Release|Any CPU.ActiveCfg = Release|Any CPU
		{2113ABBB-C704-4771-8BFB-8E7EC3A380F9}.Release|Any CPU.Build.0 = Release|Any CPU
		{8DA567A8-C5B3-434E-9468-D99465B18E5D}.Debug|Any CPU.ActiveCfg = Debug|Any CPU
		{8DA567A8-C5B3-434E-9468-D99465B18E5D}.Debug|Any CPU.Build.0 = Debug|Any CPU
		{8DA567A8-C5B3-434E-9468-D99465B18E5D}.Release|Any CPU.ActiveCfg = Release|Any CPU
		{8DA567A8-C5B3-434E-9468-D99465B18E5D}.Release|Any CPU.Build.0 = Release|Any CPU
		{A1BB7DD2-F184-40BA-BD9F-E51BD539AB7B}.Debug|Any CPU.ActiveCfg = Debug|Any CPU
		{A1BB7DD2-F184-40BA-BD9F-E51BD539AB7B}.Debug|Any CPU.Build.0 = Debug|Any CPU
		{A1BB7DD2-F184-40BA-BD9F-E51BD539AB7B}.Release|Any CPU.ActiveCfg = Release|Any CPU
		{A1BB7DD2-F184-40BA-BD9F-E51BD539AB7B}.Release|Any CPU.Build.0 = Release|Any CPU
		{361A19D8-7CAF-41DF-82A5-65F2A42C0B5D}.Debug|Any CPU.ActiveCfg = Debug|Any CPU
		{361A19D8-7CAF-41DF-82A5-65F2A42C0B5D}.Debug|Any CPU.Build.0 = Debug|Any CPU
		{361A19D8-7CAF-41DF-82A5-65F2A42C0B5D}.Release|Any CPU.ActiveCfg = Release|Any CPU
		{361A19D8-7CAF-41DF-82A5-65F2A42C0B5D}.Release|Any CPU.Build.0 = Release|Any CPU
		{74B10AA3-14D4-4385-835E-1588BE87D09C}.Debug|Any CPU.ActiveCfg = Debug|Any CPU
		{74B10AA3-14D4-4385-835E-1588BE87D09C}.Debug|Any CPU.Build.0 = Debug|Any CPU
		{74B10AA3-14D4-4385-835E-1588BE87D09C}.Release|Any CPU.ActiveCfg = Release|Any CPU
		{74B10AA3-14D4-4385-835E-1588BE87D09C}.Release|Any CPU.Build.0 = Release|Any CPU
	EndGlobalSection
	GlobalSection(SolutionProperties) = preSolution
		HideSolutionNode = FALSE
	EndGlobalSection
	GlobalSection(ExtensibilityGlobals) = postSolution
		SolutionGuid = {9411AC1C-374A-40F1-A5B3-5EDBCEF912EF}
	EndGlobalSection
EndGlobal
