
Microsoft Visual Studio Solution File, Format Version 12.00
# Visual Studio Version 16
VisualStudioVersion = 16.0.31515.178
MinimumVisualStudioVersion = 10.0.40219.1
Project("{9A19103F-16F7-4668-BE54-9A1E7A4F7556}") = "912-sort-an-array", "912-sort-an-array\912-sort-an-array.csproj", "{693EE008-47E3-4FEC-8C4F-336FE8BD27F8}"
EndProject
Project("{FAE04EC0-301F-11D3-BF4B-00C04F79EFBC}") = "28-find-the-index-of-the-first-occurrence-in-a-string", "28-find-the-index-of-the-first-occurrence-in-a-string\28-find-the-index-of-the-first-occurrence-in-a-string.csproj", "{8A5A7771-FB9C-4828-8FF4-F8601B9D8F75}"
EndProject
Global
	GlobalSection(SolutionConfigurationPlatforms) = preSolution
		Debug|Any CPU = Debug|Any CPU
		Release|Any CPU = Release|Any CPU
	EndGlobalSection
	GlobalSection(ProjectConfigurationPlatforms) = postSolution
		{693EE008-47E3-4FEC-8C4F-336FE8BD27F8}.Debug|Any CPU.ActiveCfg = Debug|Any CPU
		{693EE008-47E3-4FEC-8C4F-336FE8BD27F8}.Debug|Any CPU.Build.0 = Debug|Any CPU
		{693EE008-47E3-4FEC-8C4F-336FE8BD27F8}.Release|Any CPU.ActiveCfg = Release|Any CPU
		{693EE008-47E3-4FEC-8C4F-336FE8BD27F8}.Release|Any CPU.Build.0 = Release|Any CPU
		{8A5A7771-FB9C-4828-8FF4-F8601B9D8F75}.Debug|Any CPU.ActiveCfg = Debug|Any CPU
		{8A5A7771-FB9C-4828-8FF4-F8601B9D8F75}.Debug|Any CPU.Build.0 = Debug|Any CPU
		{8A5A7771-FB9C-4828-8FF4-F8601B9D8F75}.Release|Any CPU.ActiveCfg = Release|Any CPU
		{8A5A7771-FB9C-4828-8FF4-F8601B9D8F75}.Release|Any CPU.Build.0 = Release|Any CPU
	EndGlobalSection
	GlobalSection(SolutionProperties) = preSolution
		HideSolutionNode = FALSE
	EndGlobalSection
	GlobalSection(ExtensibilityGlobals) = postSolution
		SolutionGuid = {A316649F-2432-4421-AE3B-FDD983041C60}
	EndGlobalSection
EndGlobal
