
Microsoft Visual Studio Solution File, Format Version 12.00
# Visual Studio Version 16
VisualStudioVersion = 16.0.31515.178
MinimumVisualStudioVersion = 10.0.40219.1
Project("{9A19103F-16F7-4668-BE54-9A1E7A4F7556}") = "Common", "Common\Common.csproj", "{8B467147-B08D-4EEE-A125-FBAE1F18C0F9}"
EndProject
Project("{9A19103F-16F7-4668-BE54-9A1E7A4F7556}") = "Tree-Traversal", "Tree-Traversal\Tree-Traversal.csproj", "{B01C2AD9-FC81-4EAF-A1AA-2F3B63422BC5}"
EndProject
Project("{9A19103F-16F7-4668-BE54-9A1E7A4F7556}") = "FullBinaryTree", "FullBinaryTree\FullBinaryTree.csproj", "{47238B41-376F-4ADD-8C78-670D8D037DB6}"
EndProject
Project("{9A19103F-16F7-4668-BE54-9A1E7A4F7556}") = "perfect-binary-tree", "perfect-binary-tree\perfect-binary-tree.csproj", "{9BFA370C-F940-40DE-8716-B13F870FFE62}"
EndProject
Project("{9A19103F-16F7-4668-BE54-9A1E7A4F7556}") = "complete-binary-tree", "complete-binary-tree\complete-binary-tree.csproj", "{5E730FA5-D6DF-4A81-8284-B64B9C674E95}"
EndProject
Project("{9A19103F-16F7-4668-BE54-9A1E7A4F7556}") = "balanced-binary-tree", "balanced-binary-tree\balanced-binary-tree.csproj", "{CF230EC8-2E67-4B3C-9204-C1DF903FF177}"
EndProject
Project("{9A19103F-16F7-4668-BE54-9A1E7A4F7556}") = "binary-search-tree", "binary-search-tree\binary-search-tree.csproj", "{CEE45702-95D1-4E19-B31B-EE3EDC43898C}"
EndProject
Project("{9A19103F-16F7-4668-BE54-9A1E7A4F7556}") = "avl-tree", "avl-tree\avl-tree.csproj", "{2BD0386F-A63F-4DEF-BB91-17333838A8D6}"
EndProject
Project("{9A19103F-16F7-4668-BE54-9A1E7A4F7556}") = "splay-tree", "splay-tree\splay-tree.csproj", "{AC3FBF37-A36E-4D5D-A33C-AF6EC8DD7B5B}"
EndProject
Project("{9A19103F-16F7-4668-BE54-9A1E7A4F7556}") = "red-black-tree", "red-black-tree\red-black-tree.csproj", "{946DCF88-4239-44AF-BF13-21F7CA0549B0}"
EndProject
Project("{9A19103F-16F7-4668-BE54-9A1E7A4F7556}") = "fenwick_tree", "fenwick_tree\fenwick_tree.csproj", "{BF918F45-E65C-4401-992C-4D21DA4FF5B2}"
EndProject
Project("{9A19103F-16F7-4668-BE54-9A1E7A4F7556}") = "SegmentTree", "SegmentTree\SegmentTree.csproj", "{9688B99F-D484-43B3-9DA0-CAE7DCCFCA00}"
EndProject
Project("{9A19103F-16F7-4668-BE54-9A1E7A4F7556}") = "same_tree", "same_tree\same_tree.csproj", "{3C1EB3A1-C4F8-401A-8E5C-6D911D30A7E5}"
EndProject
Project("{9A19103F-16F7-4668-BE54-9A1E7A4F7556}") = "path_sum", "path_sum\path_sum.csproj", "{D94B0A91-17E8-4542-A299-9B6869FE9A31}"
EndProject
Project("{FAE04EC0-301F-11D3-BF4B-00C04F79EFBC}") = "maximum-depth-or-height-of-a-tree", "maximum-depth-or-height-of-a-tree\maximum-depth-or-height-of-a-tree.csproj", "{2FDC00D5-1899-47C2-BE2E-4FCCCCCEA30E}"
EndProject
Project("{FAE04EC0-301F-11D3-BF4B-00C04F79EFBC}") = "lowest-common-ancestor-of-the-deepest-leaves-of-a-binary-tre", "lowest-common-ancestor-of-the-deepest-leaves-of-a-binary-tre\lowest-common-ancestor-of-the-deepest-leaves-of-a-binary-tre.csproj", "{6CED3D5A-B23D-4942-9085-CBA98375AFB4}"
EndProject
Project("{FAE04EC0-301F-11D3-BF4B-00C04F79EFBC}") = "check-for-balanced-parentheses-in-an-expression", "check-for-balanced-parentheses-in-an-expression\check-for-balanced-parentheses-in-an-expression.csproj", "{A3FF93BB-EAB6-456F-B9C0-B2DBB5E767CD}"
EndProject
Global
	GlobalSection(SolutionConfigurationPlatforms) = preSolution
		Debug|Any CPU = Debug|Any CPU
		Release|Any CPU = Release|Any CPU
	EndGlobalSection
	GlobalSection(ProjectConfigurationPlatforms) = postSolution
		{8B467147-B08D-4EEE-A125-FBAE1F18C0F9}.Debug|Any CPU.ActiveCfg = Debug|Any CPU
		{8B467147-B08D-4EEE-A125-FBAE1F18C0F9}.Debug|Any CPU.Build.0 = Debug|Any CPU
		{8B467147-B08D-4EEE-A125-FBAE1F18C0F9}.Release|Any CPU.ActiveCfg = Release|Any CPU
		{8B467147-B08D-4EEE-A125-FBAE1F18C0F9}.Release|Any CPU.Build.0 = Release|Any CPU
		{B01C2AD9-FC81-4EAF-A1AA-2F3B63422BC5}.Debug|Any CPU.ActiveCfg = Debug|Any CPU
		{B01C2AD9-FC81-4EAF-A1AA-2F3B63422BC5}.Debug|Any CPU.Build.0 = Debug|Any CPU
		{B01C2AD9-FC81-4EAF-A1AA-2F3B63422BC5}.Release|Any CPU.ActiveCfg = Release|Any CPU
		{B01C2AD9-FC81-4EAF-A1AA-2F3B63422BC5}.Release|Any CPU.Build.0 = Release|Any CPU
		{47238B41-376F-4ADD-8C78-670D8D037DB6}.Debug|Any CPU.ActiveCfg = Debug|Any CPU
		{47238B41-376F-4ADD-8C78-670D8D037DB6}.Debug|Any CPU.Build.0 = Debug|Any CPU
		{47238B41-376F-4ADD-8C78-670D8D037DB6}.Release|Any CPU.ActiveCfg = Release|Any CPU
		{47238B41-376F-4ADD-8C78-670D8D037DB6}.Release|Any CPU.Build.0 = Release|Any CPU
		{9BFA370C-F940-40DE-8716-B13F870FFE62}.Debug|Any CPU.ActiveCfg = Debug|Any CPU
		{9BFA370C-F940-40DE-8716-B13F870FFE62}.Debug|Any CPU.Build.0 = Debug|Any CPU
		{9BFA370C-F940-40DE-8716-B13F870FFE62}.Release|Any CPU.ActiveCfg = Release|Any CPU
		{9BFA370C-F940-40DE-8716-B13F870FFE62}.Release|Any CPU.Build.0 = Release|Any CPU
		{5E730FA5-D6DF-4A81-8284-B64B9C674E95}.Debug|Any CPU.ActiveCfg = Debug|Any CPU
		{5E730FA5-D6DF-4A81-8284-B64B9C674E95}.Debug|Any CPU.Build.0 = Debug|Any CPU
		{5E730FA5-D6DF-4A81-8284-B64B9C674E95}.Release|Any CPU.ActiveCfg = Release|Any CPU
		{5E730FA5-D6DF-4A81-8284-B64B9C674E95}.Release|Any CPU.Build.0 = Release|Any CPU
		{CF230EC8-2E67-4B3C-9204-C1DF903FF177}.Debug|Any CPU.ActiveCfg = Debug|Any CPU
		{CF230EC8-2E67-4B3C-9204-C1DF903FF177}.Debug|Any CPU.Build.0 = Debug|Any CPU
		{CF230EC8-2E67-4B3C-9204-C1DF903FF177}.Release|Any CPU.ActiveCfg = Release|Any CPU
		{CF230EC8-2E67-4B3C-9204-C1DF903FF177}.Release|Any CPU.Build.0 = Release|Any CPU
		{CEE45702-95D1-4E19-B31B-EE3EDC43898C}.Debug|Any CPU.ActiveCfg = Debug|Any CPU
		{CEE45702-95D1-4E19-B31B-EE3EDC43898C}.Debug|Any CPU.Build.0 = Debug|Any CPU
		{CEE45702-95D1-4E19-B31B-EE3EDC43898C}.Release|Any CPU.ActiveCfg = Release|Any CPU
		{CEE45702-95D1-4E19-B31B-EE3EDC43898C}.Release|Any CPU.Build.0 = Release|Any CPU
		{2BD0386F-A63F-4DEF-BB91-17333838A8D6}.Debug|Any CPU.ActiveCfg = Debug|Any CPU
		{2BD0386F-A63F-4DEF-BB91-17333838A8D6}.Debug|Any CPU.Build.0 = Debug|Any CPU
		{2BD0386F-A63F-4DEF-BB91-17333838A8D6}.Release|Any CPU.ActiveCfg = Release|Any CPU
		{2BD0386F-A63F-4DEF-BB91-17333838A8D6}.Release|Any CPU.Build.0 = Release|Any CPU
		{AC3FBF37-A36E-4D5D-A33C-AF6EC8DD7B5B}.Debug|Any CPU.ActiveCfg = Debug|Any CPU
		{AC3FBF37-A36E-4D5D-A33C-AF6EC8DD7B5B}.Debug|Any CPU.Build.0 = Debug|Any CPU
		{AC3FBF37-A36E-4D5D-A33C-AF6EC8DD7B5B}.Release|Any CPU.ActiveCfg = Release|Any CPU
		{AC3FBF37-A36E-4D5D-A33C-AF6EC8DD7B5B}.Release|Any CPU.Build.0 = Release|Any CPU
		{946DCF88-4239-44AF-BF13-21F7CA0549B0}.Debug|Any CPU.ActiveCfg = Debug|Any CPU
		{946DCF88-4239-44AF-BF13-21F7CA0549B0}.Debug|Any CPU.Build.0 = Debug|Any CPU
		{946DCF88-4239-44AF-BF13-21F7CA0549B0}.Release|Any CPU.ActiveCfg = Release|Any CPU
		{946DCF88-4239-44AF-BF13-21F7CA0549B0}.Release|Any CPU.Build.0 = Release|Any CPU
		{BF918F45-E65C-4401-992C-4D21DA4FF5B2}.Debug|Any CPU.ActiveCfg = Debug|Any CPU
		{BF918F45-E65C-4401-992C-4D21DA4FF5B2}.Debug|Any CPU.Build.0 = Debug|Any CPU
		{BF918F45-E65C-4401-992C-4D21DA4FF5B2}.Release|Any CPU.ActiveCfg = Release|Any CPU
		{BF918F45-E65C-4401-992C-4D21DA4FF5B2}.Release|Any CPU.Build.0 = Release|Any CPU
		{9688B99F-D484-43B3-9DA0-CAE7DCCFCA00}.Debug|Any CPU.ActiveCfg = Debug|Any CPU
		{9688B99F-D484-43B3-9DA0-CAE7DCCFCA00}.Debug|Any CPU.Build.0 = Debug|Any CPU
		{9688B99F-D484-43B3-9DA0-CAE7DCCFCA00}.Release|Any CPU.ActiveCfg = Release|Any CPU
		{9688B99F-D484-43B3-9DA0-CAE7DCCFCA00}.Release|Any CPU.Build.0 = Release|Any CPU
		{3C1EB3A1-C4F8-401A-8E5C-6D911D30A7E5}.Debug|Any CPU.ActiveCfg = Debug|Any CPU
		{3C1EB3A1-C4F8-401A-8E5C-6D911D30A7E5}.Debug|Any CPU.Build.0 = Debug|Any CPU
		{3C1EB3A1-C4F8-401A-8E5C-6D911D30A7E5}.Release|Any CPU.ActiveCfg = Release|Any CPU
		{3C1EB3A1-C4F8-401A-8E5C-6D911D30A7E5}.Release|Any CPU.Build.0 = Release|Any CPU
		{D94B0A91-17E8-4542-A299-9B6869FE9A31}.Debug|Any CPU.ActiveCfg = Debug|Any CPU
		{D94B0A91-17E8-4542-A299-9B6869FE9A31}.Debug|Any CPU.Build.0 = Debug|Any CPU
		{D94B0A91-17E8-4542-A299-9B6869FE9A31}.Release|Any CPU.ActiveCfg = Release|Any CPU
		{D94B0A91-17E8-4542-A299-9B6869FE9A31}.Release|Any CPU.Build.0 = Release|Any CPU
		{2FDC00D5-1899-47C2-BE2E-4FCCCCCEA30E}.Debug|Any CPU.ActiveCfg = Debug|Any CPU
		{2FDC00D5-1899-47C2-BE2E-4FCCCCCEA30E}.Debug|Any CPU.Build.0 = Debug|Any CPU
		{2FDC00D5-1899-47C2-BE2E-4FCCCCCEA30E}.Release|Any CPU.ActiveCfg = Release|Any CPU
		{2FDC00D5-1899-47C2-BE2E-4FCCCCCEA30E}.Release|Any CPU.Build.0 = Release|Any CPU
		{6CED3D5A-B23D-4942-9085-CBA98375AFB4}.Debug|Any CPU.ActiveCfg = Debug|Any CPU
		{6CED3D5A-B23D-4942-9085-CBA98375AFB4}.Debug|Any CPU.Build.0 = Debug|Any CPU
		{6CED3D5A-B23D-4942-9085-CBA98375AFB4}.Release|Any CPU.ActiveCfg = Release|Any CPU
		{6CED3D5A-B23D-4942-9085-CBA98375AFB4}.Release|Any CPU.Build.0 = Release|Any CPU
		{A3FF93BB-EAB6-456F-B9C0-B2DBB5E767CD}.Debug|Any CPU.ActiveCfg = Debug|Any CPU
		{A3FF93BB-EAB6-456F-B9C0-B2DBB5E767CD}.Debug|Any CPU.Build.0 = Debug|Any CPU
		{A3FF93BB-EAB6-456F-B9C0-B2DBB5E767CD}.Release|Any CPU.ActiveCfg = Release|Any CPU
		{A3FF93BB-EAB6-456F-B9C0-B2DBB5E767CD}.Release|Any CPU.Build.0 = Release|Any CPU
	EndGlobalSection
	GlobalSection(SolutionProperties) = preSolution
		HideSolutionNode = FALSE
	EndGlobalSection
	GlobalSection(ExtensibilityGlobals) = postSolution
		SolutionGuid = {91BD0607-9464-496C-9FFC-F351561C4D2B}
	EndGlobalSection
EndGlobal
